{
  "nodes": {
    "nixpkgs": {
      "locked": {
        "lastModified": 1680665430,
        "narHash": "sha256-MTVhTukwza1Jlq2gECITZPFnhROmylP2uv3O3cSqQCE=",
        "path": "/nix/store/0acd255ca1v8m4xcg5wjhi9pgmx7q2s5-source",
        "rev": "5233fd2ba76a3accb5aaa999c00509a11fd0793c",
        "type": "path"
      },
      "original": {
        "id": "nixpkgs",
        "type": "indirect"
      }
    },
    "root": {
      "inputs": {
        "nixpkgs": "nixpkgs"
      }
    }
  },
  "root": "root",
  "version": 7
}
